
Microsoft Visual Studio Solution File, Format Version 12.00
# Visual Studio Version 16
VisualStudioVersion = 16.0.30804.86
MinimumVisualStudioVersion = 10.0.40219.1
Project("{FAE04EC0-301F-11D3-BF4B-00C04F79EFBC}") = "TaskIn.Web", "TaskIn.Web\TaskIn.Web.csproj", "{D00542E5-5FE4-42BA-A20F-66D240B6F383}"
EndProject
Global
	GlobalSection(SolutionConfigurationPlatforms) = preSolution
		Debug|Any CPU = Debug|Any CPU
		Release|Any CPU = Release|Any CPU
	EndGlobalSection
	GlobalSection(ProjectConfigurationPlatforms) = postSolution
		{D00542E5-5FE4-42BA-A20F-66D240B6F383}.Debug|Any CPU.ActiveCfg = Debug|Any CPU
		{D00542E5-5FE4-42BA-A20F-66D240B6F383}.Debug|Any CPU.Build.0 = Debug|Any CPU
		{D00542E5-5FE4-42BA-A20F-66D240B6F383}.Release|Any CPU.ActiveCfg = Release|Any CPU
		{D00542E5-5FE4-42BA-A20F-66D240B6F383}.Release|Any CPU.Build.0 = Release|Any CPU
	EndGlobalSection
	GlobalSection(SolutionProperties) = preSolution
		HideSolutionNode = FALSE
	EndGlobalSection
	GlobalSection(ExtensibilityGlobals) = postSolution
		SolutionGuid = {9EA42B48-7B18-4457-96A2-7961D37FE4BB}
	EndGlobalSection
EndGlobal
